{
  "name": "casoon-ui-lib",
  "version": "1.0.0",
  "lockfileVersion": 3,
  "requires": true,
  "packages": {
    "": {
      "name": "casoon-ui-lib",
      "version": "1.0.0",
      "license": "MIT",
      "devDependencies": {
        "alpinejs": "^3.14.9",
        "motion": "^12.6.3",
        "open-props": "^1.7.15"
      },
      "peerDependencies": {
        "alpinejs": "^3.14.9",
        "motion": "^12.6.3"
      }
    },
    "node_modules/@vue/reactivity": {
      "version": "3.1.5",
      "resolved": "https://registry.npmjs.org/@vue/reactivity/-/reactivity-3.1.5.tgz",
      "integrity": "sha512-1tdfLmNjWG6t/CsPldh+foumYFo3cpyCHgBYQ34ylaMsJ+SNHQ1kApMIa8jN+i593zQuaw3AdWH0nJTARzCFhg==",
      "dev": true,
      "license": "MIT",
      "dependencies": {
        "@vue/shared": "3.1.5"
      }
    },
    "node_modules/@vue/shared": {
      "version": "3.1.5",
      "resolved": "https://registry.npmjs.org/@vue/shared/-/shared-3.1.5.tgz",
      "integrity": "sha512-oJ4F3TnvpXaQwZJNF3ZK+kLPHKarDmJjJ6jyzVNDKH9md1dptjC7lWR//jrGuLdek/U6iltWxqAnYOu8gCiOvA==",
      "dev": true,
      "license": "MIT"
    },
    "node_modules/alpinejs": {
      "version": "3.14.9",
      "resolved": "https://registry.npmjs.org/alpinejs/-/alpinejs-3.14.9.tgz",
      "integrity": "sha512-gqSOhTEyryU9FhviNqiHBHzgjkvtukq9tevew29fTj+ofZtfsYriw4zPirHHOAy9bw8QoL3WGhyk7QqCh5AYlw==",
      "dev": true,
      "license": "MIT",
      "dependencies": {
        "@vue/reactivity": "~3.1.1"
      }
    },
    "node_modules/framer-motion": {
      "version": "12.6.3",
      "resolved": "https://registry.npmjs.org/framer-motion/-/framer-motion-12.6.3.tgz",
      "integrity": "sha512-2hsqknz23aloK85bzMc9nSR2/JP+fValQ459ZTVElFQ0xgwR2YqNjYSuDZdFBPOwVCt4Q9jgyTt6hg6sVOALzw==",
      "dev": true,
      "license": "MIT",
      "dependencies": {
        "motion-dom": "^12.6.3",
        "motion-utils": "^12.6.3",
        "tslib": "^2.4.0"
      },
      "peerDependencies": {
        "@emotion/is-prop-valid": "*",
        "react": "^18.0.0 || ^19.0.0",
        "react-dom": "^18.0.0 || ^19.0.0"
      },
      "peerDependenciesMeta": {
        "@emotion/is-prop-valid": {
          "optional": true
        },
        "react": {
          "optional": true
        },
        "react-dom": {
          "optional": true
        }
      }
    },
    "node_modules/motion": {
      "version": "12.6.3",
      "resolved": "https://registry.npmjs.org/motion/-/motion-12.6.3.tgz",
      "integrity": "sha512-zw/vqUgv5F5m9fkvOl/eCv2AF1+tkeZl3fu2uIlisIaip8sm5e0CouAl6GkdiRoF+G7s29CjqMdIyPMirwUGHA==",
      "dev": true,
      "license": "MIT",
      "dependencies": {
        "framer-motion": "^12.6.3",
        "tslib": "^2.4.0"
      },
      "peerDependencies": {
        "@emotion/is-prop-valid": "*",
        "react": "^18.0.0 || ^19.0.0",
        "react-dom": "^18.0.0 || ^19.0.0"
      },
      "peerDependenciesMeta": {
        "@emotion/is-prop-valid": {
          "optional": true
        },
        "react": {
          "optional": true
        },
        "react-dom": {
          "optional": true
        }
      }
    },
    "node_modules/motion-dom": {
      "version": "12.6.3",
      "resolved": "https://registry.npmjs.org/motion-dom/-/motion-dom-12.6.3.tgz",
      "integrity": "sha512-gRY08RjcnzgFYLemUZ1lo/e9RkBxR+6d4BRvoeZDSeArG4XQXERSPapKl3LNQRu22Sndjf1h+iavgY0O4NrYqA==",
      "dev": true,
      "license": "MIT",
      "dependencies": {
        "motion-utils": "^12.6.3"
      }
    },
    "node_modules/motion-utils": {
      "version": "12.6.3",
      "resolved": "https://registry.npmjs.org/motion-utils/-/motion-utils-12.6.3.tgz",
      "integrity": "sha512-R/b3Ia2VxtTNZ4LTEO5pKYau1OUNHOuUfxuP0WFCTDYdHkeTBR9UtxR1cc8mDmKr8PEhmmfnTKGz3rSMjNRoRg==",
      "dev": true,
      "license": "MIT"
    },
    "node_modules/open-props": {
      "version": "1.7.15",
      "resolved": "https://registry.npmjs.org/open-props/-/open-props-1.7.15.tgz",
      "integrity": "sha512-TvyN35N02w1wmIsz6SUInEo0RaVvSvIj794qlHjkmeTFuBYu2vzV6LbZyE5D8/c5UsGtRudl4ScK1jkabPBpGw==",
      "dev": true,
      "license": "MIT"
    },
    "node_modules/tslib": {
      "version": "2.8.1",
      "resolved": "https://registry.npmjs.org/tslib/-/tslib-2.8.1.tgz",
      "integrity": "sha512-oJFu94HQb+KVduSUQL7wnpmqnfmLsOA/nAh6b6EH0wCEoK0/mPeXU6c3wKDV83MkOuHPRHtSXKKU99IBazS/2w==",
      "dev": true,
      "license": "0BSD"
    }
  }
}
